
Microsoft Visual Studio Solution File, Format Version 12.00
# Visual Studio 15
VisualStudioVersion = 15.0.27703.2042
MinimumVisualStudioVersion = 10.0.40219.1
Project("{FAE04EC0-301F-11D3-BF4B-00C04F79EFBC}") = "WebhookAPI", "WebhookAPI\WebhookAPI.csproj", "{FBB89A42-B362-4707-B23C-E51A285E8997}"
EndProject
Project("{E53339B2-1760-4266-BCC7-CA923CBCF16C}") = "docker-compose", "docker-compose.dcproj", "{72CDBF63-6427-45D7-9057-20C1402DEFDC}"
EndProject
Project("{2150E333-8FDC-42A3-9474-1A3956D46DE8}") = "src", "src", "{9A35BC3F-C582-4045-8FE7-BC73675288B2}"
EndProject
Project("{2150E333-8FDC-42A3-9474-1A3956D46DE8}") = "test", "test", "{2688209B-5423-4271-838D-24546EB2532A}"
EndProject
Project("{2150E333-8FDC-42A3-9474-1A3956D46DE8}") = "BuildingBlocks", "BuildingBlocks", "{DC01EDBE-EE67-4E24-AF6D-934E41FB082B}"
EndProject
Project("{2150E333-8FDC-42A3-9474-1A3956D46DE8}") = "Services", "Services", "{A2F727CE-38DB-4D8D-B1E4-B3DD8E0EDB69}"
EndProject
Project("{FAE04EC0-301F-11D3-BF4B-00C04F79EFBC}") = "JobRunner", "JobRunner\JobRunner.csproj", "{B05B6635-8F03-4463-8071-010DC8E1B8B5}"
EndProject
Project("{FAE04EC0-301F-11D3-BF4B-00C04F79EFBC}") = "Messages", "Messages\Messages.csproj", "{43B35CC4-E979-4AFF-AD3E-6EF39B6C7C50}"
EndProject
Project("{2150E333-8FDC-42A3-9474-1A3956D46DE8}") = "Common", "Common", "{6AB6A52A-CFE1-41B6-95EA-F7A4FBAD3BE0}"
EndProject
Project("{FAE04EC0-301F-11D3-BF4B-00C04F79EFBC}") = "Communicator", "Communicator\Communicator.csproj", "{C9D7228B-2645-4369-B812-2760A726922A}"
EndProject
Project("{2150E333-8FDC-42A3-9474-1A3956D46DE8}") = "BuildingBlocks", "BuildingBlocks", "{09905EB7-C76F-41FB-BF77-F392C1D409BA}"
EndProject
Project("{2150E333-8FDC-42A3-9474-1A3956D46DE8}") = "Services", "Services", "{C272A060-0A76-478A-B2B4-2FEB1B107193}"
EndProject
Project("{2150E333-8FDC-42A3-9474-1A3956D46DE8}") = "Common", "Common", "{F9DB8195-FF1F-44E7-B8E9-8DBDD6DF8864}"
EndProject
Project("{FAE04EC0-301F-11D3-BF4B-00C04F79EFBC}") = "CommunicatorTests", "CommunicatorTests\CommunicatorTests.csproj", "{F6397895-F700-4AEF-AA11-1C5833AA45AF}"
EndProject
Project("{FAE04EC0-301F-11D3-BF4B-00C04F79EFBC}") = "MessageSender", "MessageSender\MessageSender.csproj", "{69C902A5-B8F4-48EA-8E82-CDDD4AB5FDBB}"
EndProject
Project("{FAE04EC0-301F-11D3-BF4B-00C04F79EFBC}") = "JobRunner.Tests", "JobRunner.Tests\JobRunner.Tests.csproj", "{E3525E7C-BDDF-4EE8-AE71-FEC6CB59526C}"
EndProject
Project("{FAE04EC0-301F-11D3-BF4B-00C04F79EFBC}") = "FrontPortal", "FrontPortal\FrontPortal.csproj", "{7541AC00-835B-438E-8054-CDE15F2EF70E}"
EndProject
Global
	GlobalSection(SolutionConfigurationPlatforms) = preSolution
		Debug|Any CPU = Debug|Any CPU
		Release|Any CPU = Release|Any CPU
	EndGlobalSection
	GlobalSection(ProjectConfigurationPlatforms) = postSolution
		{FBB89A42-B362-4707-B23C-E51A285E8997}.Debug|Any CPU.ActiveCfg = Debug|Any CPU
		{FBB89A42-B362-4707-B23C-E51A285E8997}.Debug|Any CPU.Build.0 = Debug|Any CPU
		{FBB89A42-B362-4707-B23C-E51A285E8997}.Release|Any CPU.ActiveCfg = Release|Any CPU
		{FBB89A42-B362-4707-B23C-E51A285E8997}.Release|Any CPU.Build.0 = Release|Any CPU
		{72CDBF63-6427-45D7-9057-20C1402DEFDC}.Debug|Any CPU.ActiveCfg = Debug|Any CPU
		{72CDBF63-6427-45D7-9057-20C1402DEFDC}.Debug|Any CPU.Build.0 = Debug|Any CPU
		{72CDBF63-6427-45D7-9057-20C1402DEFDC}.Release|Any CPU.ActiveCfg = Release|Any CPU
		{72CDBF63-6427-45D7-9057-20C1402DEFDC}.Release|Any CPU.Build.0 = Release|Any CPU
		{B05B6635-8F03-4463-8071-010DC8E1B8B5}.Debug|Any CPU.ActiveCfg = Debug|Any CPU
		{B05B6635-8F03-4463-8071-010DC8E1B8B5}.Debug|Any CPU.Build.0 = Debug|Any CPU
		{B05B6635-8F03-4463-8071-010DC8E1B8B5}.Release|Any CPU.ActiveCfg = Release|Any CPU
		{B05B6635-8F03-4463-8071-010DC8E1B8B5}.Release|Any CPU.Build.0 = Release|Any CPU
		{43B35CC4-E979-4AFF-AD3E-6EF39B6C7C50}.Debug|Any CPU.ActiveCfg = Debug|Any CPU
		{43B35CC4-E979-4AFF-AD3E-6EF39B6C7C50}.Debug|Any CPU.Build.0 = Debug|Any CPU
		{43B35CC4-E979-4AFF-AD3E-6EF39B6C7C50}.Release|Any CPU.ActiveCfg = Release|Any CPU
		{43B35CC4-E979-4AFF-AD3E-6EF39B6C7C50}.Release|Any CPU.Build.0 = Release|Any CPU
		{C9D7228B-2645-4369-B812-2760A726922A}.Debug|Any CPU.ActiveCfg = Debug|Any CPU
		{C9D7228B-2645-4369-B812-2760A726922A}.Debug|Any CPU.Build.0 = Debug|Any CPU
		{C9D7228B-2645-4369-B812-2760A726922A}.Release|Any CPU.ActiveCfg = Release|Any CPU
		{C9D7228B-2645-4369-B812-2760A726922A}.Release|Any CPU.Build.0 = Release|Any CPU
		{F6397895-F700-4AEF-AA11-1C5833AA45AF}.Debug|Any CPU.ActiveCfg = Debug|Any CPU
		{F6397895-F700-4AEF-AA11-1C5833AA45AF}.Debug|Any CPU.Build.0 = Debug|Any CPU
		{F6397895-F700-4AEF-AA11-1C5833AA45AF}.Release|Any CPU.ActiveCfg = Release|Any CPU
		{F6397895-F700-4AEF-AA11-1C5833AA45AF}.Release|Any CPU.Build.0 = Release|Any CPU
		{69C902A5-B8F4-48EA-8E82-CDDD4AB5FDBB}.Debug|Any CPU.ActiveCfg = Debug|Any CPU
		{69C902A5-B8F4-48EA-8E82-CDDD4AB5FDBB}.Debug|Any CPU.Build.0 = Debug|Any CPU
		{69C902A5-B8F4-48EA-8E82-CDDD4AB5FDBB}.Release|Any CPU.ActiveCfg = Release|Any CPU
		{69C902A5-B8F4-48EA-8E82-CDDD4AB5FDBB}.Release|Any CPU.Build.0 = Release|Any CPU
		{E3525E7C-BDDF-4EE8-AE71-FEC6CB59526C}.Debug|Any CPU.ActiveCfg = Debug|Any CPU
		{E3525E7C-BDDF-4EE8-AE71-FEC6CB59526C}.Debug|Any CPU.Build.0 = Debug|Any CPU
		{E3525E7C-BDDF-4EE8-AE71-FEC6CB59526C}.Release|Any CPU.ActiveCfg = Release|Any CPU
		{E3525E7C-BDDF-4EE8-AE71-FEC6CB59526C}.Release|Any CPU.Build.0 = Release|Any CPU
		{7541AC00-835B-438E-8054-CDE15F2EF70E}.Debug|Any CPU.ActiveCfg = Debug|Any CPU
		{7541AC00-835B-438E-8054-CDE15F2EF70E}.Debug|Any CPU.Build.0 = Debug|Any CPU
		{7541AC00-835B-438E-8054-CDE15F2EF70E}.Release|Any CPU.ActiveCfg = Release|Any CPU
		{7541AC00-835B-438E-8054-CDE15F2EF70E}.Release|Any CPU.Build.0 = Release|Any CPU
	EndGlobalSection
	GlobalSection(SolutionProperties) = preSolution
		HideSolutionNode = FALSE
	EndGlobalSection
	GlobalSection(NestedProjects) = preSolution
		{FBB89A42-B362-4707-B23C-E51A285E8997} = {A2F727CE-38DB-4D8D-B1E4-B3DD8E0EDB69}
		{DC01EDBE-EE67-4E24-AF6D-934E41FB082B} = {9A35BC3F-C582-4045-8FE7-BC73675288B2}
		{A2F727CE-38DB-4D8D-B1E4-B3DD8E0EDB69} = {9A35BC3F-C582-4045-8FE7-BC73675288B2}
		{B05B6635-8F03-4463-8071-010DC8E1B8B5} = {A2F727CE-38DB-4D8D-B1E4-B3DD8E0EDB69}
		{43B35CC4-E979-4AFF-AD3E-6EF39B6C7C50} = {DC01EDBE-EE67-4E24-AF6D-934E41FB082B}
		{6AB6A52A-CFE1-41B6-95EA-F7A4FBAD3BE0} = {A2F727CE-38DB-4D8D-B1E4-B3DD8E0EDB69}
		{C9D7228B-2645-4369-B812-2760A726922A} = {6AB6A52A-CFE1-41B6-95EA-F7A4FBAD3BE0}
		{09905EB7-C76F-41FB-BF77-F392C1D409BA} = {2688209B-5423-4271-838D-24546EB2532A}
		{C272A060-0A76-478A-B2B4-2FEB1B107193} = {2688209B-5423-4271-838D-24546EB2532A}
		{F9DB8195-FF1F-44E7-B8E9-8DBDD6DF8864} = {C272A060-0A76-478A-B2B4-2FEB1B107193}
		{F6397895-F700-4AEF-AA11-1C5833AA45AF} = {F9DB8195-FF1F-44E7-B8E9-8DBDD6DF8864}
		{69C902A5-B8F4-48EA-8E82-CDDD4AB5FDBB} = {2688209B-5423-4271-838D-24546EB2532A}
		{E3525E7C-BDDF-4EE8-AE71-FEC6CB59526C} = {C272A060-0A76-478A-B2B4-2FEB1B107193}
		{7541AC00-835B-438E-8054-CDE15F2EF70E} = {A2F727CE-38DB-4D8D-B1E4-B3DD8E0EDB69}
	EndGlobalSection
	GlobalSection(ExtensibilityGlobals) = postSolution
		SolutionGuid = {3FBD522D-F8E9-4E2D-8D49-58B8282D3975}
	EndGlobalSection
EndGlobal
